
Microsoft Visual Studio Solution File, Format Version 12.00
# Visual Studio Version 17
VisualStudioVersion = 17.0.32014.148
MinimumVisualStudioVersion = 10.0.40219.1
Project("{9A19103F-16F7-4668-BE54-9A1E7A4F7556}") = "VDT.Core.Blazor.XYChart.Examples", "VDT.Core.Blazor.XYChart.Examples\VDT.Core.Blazor.XYChart.Examples.csproj", "{F271A8A8-9C29-4CDA-A4A5-6F6AFB25DED1}"
EndProject
Project("{9A19103F-16F7-4668-BE54-9A1E7A4F7556}") = "VDT.Core.Blazor.XYChart", "VDT.Core.Blazor.XYChart\VDT.Core.Blazor.XYChart.csproj", "{D6DBA2BF-458F-4296-9F26-9765CC93D1EB}"
EndProject
Project("{9A19103F-16F7-4668-BE54-9A1E7A4F7556}") = "VDT.Core.Blazor.XYChart.Tests", "VDT.Core.Blazor.XYChart.Tests\VDT.Core.Blazor.XYChart.Tests.csproj", "{7F25E3A6-DBEF-4D20-8FC3-F2D6825606DE}"
EndProject
Global
	GlobalSection(SolutionConfigurationPlatforms) = preSolution
		Debug|Any CPU = Debug|Any CPU
		Release|Any CPU = Release|Any CPU
	EndGlobalSection
	GlobalSection(ProjectConfigurationPlatforms) = postSolution
		{F271A8A8-9C29-4CDA-A4A5-6F6AFB25DED1}.Debug|Any CPU.ActiveCfg = Debug|Any CPU
		{F271A8A8-9C29-4CDA-A4A5-6F6AFB25DED1}.Debug|Any CPU.Build.0 = Debug|Any CPU
		{F271A8A8-9C29-4CDA-A4A5-6F6AFB25DED1}.Release|Any CPU.ActiveCfg = Release|Any CPU
		{F271A8A8-9C29-4CDA-A4A5-6F6AFB25DED1}.Release|Any CPU.Build.0 = Release|Any CPU
		{D6DBA2BF-458F-4296-9F26-9765CC93D1EB}.Debug|Any CPU.ActiveCfg = Debug|Any CPU
		{D6DBA2BF-458F-4296-9F26-9765CC93D1EB}.Debug|Any CPU.Build.0 = Debug|Any CPU
		{D6DBA2BF-458F-4296-9F26-9765CC93D1EB}.Release|Any CPU.ActiveCfg = Release|Any CPU
		{D6DBA2BF-458F-4296-9F26-9765CC93D1EB}.Release|Any CPU.Build.0 = Release|Any CPU
		{7F25E3A6-DBEF-4D20-8FC3-F2D6825606DE}.Debug|Any CPU.ActiveCfg = Debug|Any CPU
		{7F25E3A6-DBEF-4D20-8FC3-F2D6825606DE}.Debug|Any CPU.Build.0 = Debug|Any CPU
		{7F25E3A6-DBEF-4D20-8FC3-F2D6825606DE}.Release|Any CPU.ActiveCfg = Release|Any CPU
		{7F25E3A6-DBEF-4D20-8FC3-F2D6825606DE}.Release|Any CPU.Build.0 = Release|Any CPU
	EndGlobalSection
	GlobalSection(SolutionProperties) = preSolution
		HideSolutionNode = FALSE
	EndGlobalSection
	GlobalSection(ExtensibilityGlobals) = postSolution
		SolutionGuid = {4F33AE00-537C-4205-97F1-33A439FCC851}
	EndGlobalSection
EndGlobal
